lockVersion: 2.0.0
id: 2cbcdc39-39df-4246-9d85-7ee5ed2ce3c0
management:
  docChecksum: 5137dc7ba01548e499191513a8f509b6
  docVersion: 1.0.0
  speakeasyVersion: 1.758.0
  generationVersion: 2.866.2
  releaseVersion: 0.3.0
  configChecksum: 7cbbb3d8157b28e69d77a09464702270
  published: true
persistentEdits:
  generation_id: 2035134d-ae2a-4519-bdcf-285521c2bbd8
  pristine_commit_hash: 2c991b309c586d703636f147093697080805ae05
  pristine_tree_hash: 3133618bb125bc00908dbe2b8777bbf05f33f680
features:
  typescript:
    additionalDependencies: 0.1.0
    core: 3.26.42
    defaultEnabledRetries: 0.1.0
    deprecations: 2.81.1
    devContainers: 2.90.1
    enumUnions: 0.1.0
    envVarSecurityUsage: 0.1.2
    globalSecurity: 2.82.15
    globalSecurityCallbacks: 0.1.0
    globalSecurityFlattening: 0.1.1
    globalServerURLs: 2.83.1
    methodArguments: 0.1.2
    methodSecurity: 2.82.8
    nameOverrides: 2.81.4
    responseFormat: 0.3.0
    retries: 2.83.0
    sdkHooks: 0.4.0
trackedFiles:
  .devcontainer/README.md:
    id: b170c0f184ac
    last_write_checksum: sha1:b6564d2a7c8ae764fff6d1b4666dcd787210a000
    pristine_git_object: cdef18c30e383534a868742e1b9148f2670606f9
  .devcontainer/devcontainer.json:
    id: b34062a34eb1
    last_write_checksum: sha1:d0b15193202c961e7d1875864ddb15f9d17c84dd
    pristine_git_object: 4d560dd5f40afaf10d96eb75b1f02cd48bbd640c
  .devcontainer/setup.sh:
    id: 5f1dfbfeb8eb
    last_write_checksum: sha1:3ef8f270fb14d123b9382d019d26e8d5be569b36
    pristine_git_object: fcfd8ec0aaa6b9203dc2c918134b1f6fb4b11fd9
  .gitattributes:
    id: 24139dae6567
    last_write_checksum: sha1:26d16d8297b104945139da8c25bd38feeaad3e25
    pristine_git_object: 113eead5093c17d43a46159132885318f281a68a
  .npmignore:
    id: aa70c1f807c3
    last_write_checksum: sha1:6572da81f2e7a978ec29c22c2210bf461c5897b2
    pristine_git_object: 670ac0a62d7e568c9d44a14f5deafb8442a255d8
  .oxlintrc.json:
    id: 8b9b571b1983
    last_write_checksum: sha1:f14bd09c455fa2de0d94641369b7888d23ee62f2
    pristine_git_object: 6ee2921010070a544e252596defc55d501e1c1ae
  FUNCTIONS.md:
    id: 21b9df02aaeb
    last_write_checksum: sha1:c216e2b7cc37791b3fbb1cc2f3891d763ada911e
    pristine_git_object: 0a32bd56d67e83bc45893a97c83ecbf8e8b6f248
  RUNTIMES.md:
    id: 620c490847b6
    last_write_checksum: sha1:e45b854f02c357cbcfdb8c3663000e8339e16505
    pristine_git_object: 27731c3b5ace66bedc454ed5acbe15075aacd3dc
  USAGE.md:
    id: 3aed33ce6e6f
    last_write_checksum: sha1:ad1cdc6ff3d6d1d2a32a49c1ea86ff663d4c825f
    pristine_git_object: 21e4bc4504b12f0c4683734635aa0a70da0ee16f
  docs/lib/utils/retryconfig.md:
    id: 0ce9707cb848
    last_write_checksum: sha1:bc4454e196fcd219f5a78da690375a884f5ed07b
    pristine_git_object: 08f95f4552349360b2c0b01802aa71ec3a55d2c2
  docs/models/client-credentials-request.md:
    id: b9b1d8344414
    last_write_checksum: sha1:f66cdfddb2a09afa713d7e7403fca7af1620cea4
    pristine_git_object: cd98fa86eb45f2759eb912f569578b07ae640667
  docs/models/error-t.md:
    id: 7fb5e56408dd
    last_write_checksum: sha1:cab0485ac0d892835915a26863d491ae6a848664
    pristine_git_object: 3b832ed10b4bdcfde4e06133a612fe7898ae6180
  docs/models/errors/error-response.md:
    id: 42d2f6b1c814
    last_write_checksum: sha1:eab9d2d3186525ea24a4563aaf76847aa2ad8744
    pristine_git_object: 552fba878e13fec58f5402a0f0410b96d04fe752
  docs/models/errors/o-auth2-error-response.md:
    id: eb6fd064bbcd
    last_write_checksum: sha1:1379947e8f0d109737ed08c372b55825327cd09c
    pristine_git_object: 3fea15e54d7d15bb7f7eca47eaa84aae3e8885c9
  docs/models/exchange-request.md:
    id: fa661d257731
    last_write_checksum: sha1:80abc9ac86cd463ad5efb4294b295d03b1ca947a
    pristine_git_object: 7dba94c3b407462bf2c4d6a87b790d2471a60544
  docs/models/grant-type.md:
    id: a09bc9d7d8fe
    last_write_checksum: sha1:aa44cd03007dd8e66dd37a4d665b2b3185908acb
    pristine_git_object: 7ee8aa3b480981ff519099938b899fb830f40255
  docs/models/health-response.md:
    id: 76ea3fbe6d66
    last_write_checksum: sha1:0bac40fd5fee300334edbd5ce4de50a23e226c1b
    pristine_git_object: 3d82c842a8cd7c48616421a4821b5055a08f5da1
  docs/models/jwk-set.md:
    id: b796a0f6b2ad
    last_write_checksum: sha1:756ff8019a899fd334d1297fd1025be60fee282e
    pristine_git_object: 7e52e1955ebe327bc33e50a1ac16abfa08927f1e
  docs/models/key.md:
    id: 17f8e89e0113
    last_write_checksum: sha1:2d3fbe98ea12d98f29fca5aa1f61c210c52a8482
    pristine_git_object: f476fb3a819cb442e1db5d97060fa3c33280afec
  docs/models/operations/issue-user-token-security.md:
    id: 4a4123607793
    last_write_checksum: sha1:01d076cc2a9e90f4db9ad986c9bb82c146b9d242
    pristine_git_object: fa5b7d0adfee4e41ef8541b9a92dc0122c9480e8
  docs/models/refresh-request.md:
    id: 42ba0a2cba72
    last_write_checksum: sha1:1faf7e64b911be6370e132b0843836e8d012049a
    pristine_git_object: ec18bfc8b8095662e490e7cb57a614ea1b3f7e3c
  docs/models/scheme-basic-auth.md:
    id: 3a38199b802f
    last_write_checksum: sha1:aca24eb406a2a65eadd4e5d4a6a5e5238f1d054d
    pristine_git_object: a263b7f27ff994cef4cb8e51c1a8d2a99d335322
  docs/models/security.md:
    id: 452e4d4eb67a
    last_write_checksum: sha1:b5c7b3aa8a1929c0c7a0f05fcdad15ba911a8afe
    pristine_git_object: b5f56110802886547aebc32f97e5df1ad8363b28
  docs/models/session-token-data-token-type.md:
    id: 22beded5f133
    last_write_checksum: sha1:57dd7401e0d591227815cba63e0fecf4721de5e2
    pristine_git_object: da8a17a04e8b1b1f7fd070076eb048afa74d15a5
  docs/models/session-token-data.md:
    id: 8e71c94bdeab
    last_write_checksum: sha1:225f96e27a544b949cfef2523a305e94853fd5df
    pristine_git_object: df7743d3071ece2920f5600bba611a9443dbcbc2
  docs/models/token-data-token-type.md:
    id: 3bee1d4100a8
    last_write_checksum: sha1:ea074c0fc5dd72bdf8ad14b69ab6f3c6f9ac6c21
    pristine_git_object: 02d0a559c5ffbee8da676ec16d9a0fa2bed0892e
  docs/models/token-data.md:
    id: 06c3b8c64768
    last_write_checksum: sha1:8173d74adb004e6b392df424d51a0a21b9f52112
    pristine_git_object: a77711412d4993c2eef49a2df9a25133940375dd
  docs/models/user-token-data-token-type.md:
    id: d0b9af44f3fd
    last_write_checksum: sha1:1fe2f7e7e14df4a8eb47273e0b127fe9b75cddb9
    pristine_git_object: 6fd03885821e21dfde8ff0cecbef0be1535605c4
  docs/models/user-token-data.md:
    id: 64eaa66db31b
    last_write_checksum: sha1:4e7d6b8a71d1565a47fb91c0d4246306a1d3bffa
    pristine_git_object: 0681e9105819916bd0901a488d60c9f0931d5748
  docs/models/user-token-request.md:
    id: 0715f45df2ed
    last_write_checksum: sha1:89d8a115e397e4b43fd8d48cbd8cced9ebad76ce
    pristine_git_object: 03fba74deec8e1d2a0e3022f756eeff9ed143b63
  docs/sdks/metadata/README.md:
    id: de871ca7dbeb
    last_write_checksum: sha1:d2395ea72b4b7ca9ec920a318a96153a5c1bf556
    pristine_git_object: b61041ee5d634411cbc60c11b8275210fd60328d
  docs/sdks/session/README.md:
    id: 5ea5090b3849
    last_write_checksum: sha1:7190201f1dfa51b577d6b80412e3c4fa0e80164b
    pristine_git_object: e1a924d26f3ad14ec431f1ee3c117cc0a3bb578c
  docs/sdks/tokens/README.md:
    id: ca61030eb3e5
    last_write_checksum: sha1:00030db514e37d63de0aebfd04caca3bd5d50373
    pristine_git_object: 08bbd478b1ef8d257f500fd1dca5c2a6780c16a5
  examples/.env.template:
    id: 52cbe5afed92
    last_write_checksum: sha1:ee86de2c74c9f84e40fa410ee8d37c84f77a0206
    pristine_git_object: b5ba0f8905c121c7cd8d0a57a20af14b5b86454b
  examples/README.md:
    id: 9d0f69d6e677
    last_write_checksum: sha1:7766b1bcc2b1fa4752d74a42e3012cb952d52a62
    pristine_git_object: fa1d3e21739a1d6197b4ea9ed07c64302b50c490
  examples/metadataHealthCheck.example.ts:
    id: 82abe505c604
    last_write_checksum: sha1:da630ea78cf3e6477e4aa1e1da492da8f22a03d3
    pristine_git_object: d4c56f577ed2a0d2a906504c7d356fc970c8f7b8
  examples/package.json:
    id: c1d7b0ec8e7e
    last_write_checksum: sha1:b83c4aa557aa3c46834b425c9a15bf2c8050e4dd
    pristine_git_object: 3a4ca1a9711e373c29e62d70b5f3d7e371105ddd
  jsr.json:
    id: 7f6ab7767282
    last_write_checksum: sha1:48ad4ee91a1c2fd76d54b7fc78b4d5d7595ee736
    pristine_git_object: 29c969b037f0e2d5fba958030f13f053942a0bd1
  package.json:
    id: 7030d0b2f71b
    last_write_checksum: sha1:09c69423c07e3564abc8cddbd8572638cbf7bd3e
    pristine_git_object: fa31e25ba0bec990948dc3b43dc1a6170c818b11
  src/core.ts:
    id: f431fdbcd144
    last_write_checksum: sha1:b0d5cbecb7122a60383c9aff9582667ec3f2e367
    pristine_git_object: a4ac26c6ec2752c713b3fff0d480f4cabad522fe
  src/funcs/metadata-get-jwks.ts:
    id: 3874e9eeae64
    last_write_checksum: sha1:c810af7e17e9f7c7370cf7cbb72400b064be8d6c
    pristine_git_object: d28bfd09b528f9279903864930e8acd947c862fe
  src/funcs/metadata-health-check.ts:
    id: ce99e23a82d2
    last_write_checksum: sha1:faf0081fea91b284b0ae8852da4b5424235406ec
    pristine_git_object: 399c15afac0a05ee65185118eec6309c5b841428
  src/funcs/session-exchange-bootstrap-token.ts:
    id: d611f55243df
    last_write_checksum: sha1:83762f224ac7b5c9a8b34c4679de354fc7c15d54
    pristine_git_object: 8d3f191b7a666ba87edf104a565804af37639df7
  src/funcs/session-refresh-user-session.ts:
    id: 2d78a3f2665f
    last_write_checksum: sha1:f28a279e8d682e87febf90c6f7f4a7a0d1770dbf
    pristine_git_object: 846b9a088c64d3c94b68da0a8028d456d241182d
  src/funcs/tokens-issue-fluid-token-legacy.ts:
    id: 5b7bd95f0186
    last_write_checksum: sha1:a1eeac2315c1edbd3c1ba88bb8b3c726018dfca9
    pristine_git_object: 2c052ef6150ccb502d507b681da64668cc4667fe
  src/funcs/tokens-issue-user.ts:
    id: a725f41d3893
    last_write_checksum: sha1:7402aea194a17112faa063c67c0b8c6d48f9c67b
    pristine_git_object: 2acc469bf1efb3ca194cb90517cc6d54a60c6d68
  src/funcs/tokens-issue.ts:
    id: f98a64eda949
    last_write_checksum: sha1:20c7c235e03ca3e234b5e453599922ba8d501dbb
    pristine_git_object: f0245c7a0e03d607598bff758a2e45491f3d4e5b
  src/hooks/hooks.ts:
    id: a2463fc6f69b
    last_write_checksum: sha1:7dd975bbcc46a32dd394f86a4652b74ecc70d874
    pristine_git_object: 7ed9e0445ac189e0f90687c6ef602212702bde90
  src/hooks/index.ts:
    id: 5f2dab62b520
    last_write_checksum: sha1:1a11c073a6cd792932218e1d4ed36b8567bad8ef
    pristine_git_object: f60ec7acd76141a71d78008c5a362eb0236d8335
  src/hooks/types.ts:
    id: 2a02d86ec24f
    last_write_checksum: sha1:27a3444c4839bec58ae89820fd8c2483edafc3f4
    pristine_git_object: 9c36bf01332084f735909a71036c3544cc4c7e3a
  src/index.ts:
    id: c5fb850250c7
    last_write_checksum: sha1:35c9cde3ae14b18b3f893a1afe8b6c44f8760f24
    pristine_git_object: dbcba164a0082e3bb8c43cf21fa7f8ffb9d35dfc
  src/lib/base64.ts:
    id: "598522066688"
    last_write_checksum: sha1:8c94164f2f78e6041c853186fa01f659591f5913
    pristine_git_object: 44be0eae8246521b230e8e711a88eff738fc015d
  src/lib/config.ts:
    id: 320761608fb3
    last_write_checksum: sha1:4d47944f37f541c561640bbc4dc804447f3fee12
    pristine_git_object: 240f644e2986b1f11a02f13393df380767d06295
  src/lib/dlv.ts:
    id: b1988214835a
    last_write_checksum: sha1:1dd3e3fbb4550c4bf31f5ef997faff355d6f3250
    pristine_git_object: e81091f5e536f82739f71379b1fddc2d147c49e2
  src/lib/encodings.ts:
    id: 3bd8ead98afd
    last_write_checksum: sha1:7b206b995d985c9c1c89856a23346cf87c22d374
    pristine_git_object: 25d1d8032a69f56da1ac1df00a48ecf73457a1ef
  src/lib/files.ts:
    id: e5efa54fcb95
    last_write_checksum: sha1:795c14026405d547bfc47012f7ad9666e530fa7f
    pristine_git_object: 6ca6b37d35a12448da176ee2517cc036db12c81c
  src/lib/http.ts:
    id: 63a80782d37e
    last_write_checksum: sha1:797cbf16d3c7c4d62d3ba0eedb08617524938457
    pristine_git_object: 13cf1fd7894a89f727b8d2db2ad24313a94f68c7
  src/lib/is-plain-object.ts:
    id: b9862591096a
    last_write_checksum: sha1:df687f25a9590b6fd95d39df41a652ae3fd4e517
    pristine_git_object: 61070d3d7c7e5e95b1ed7e7ea21869eb0767db77
  src/lib/logger.ts:
    id: 7ee7741a02bf
    last_write_checksum: sha1:0ec9d3a2a34c362746b767e4f9a746c055d57a7b
    pristine_git_object: d181f2937d4128afbe9b0327e0f81d1fa9c877b7
  src/lib/matchers.ts:
    id: d54b2253b719
    last_write_checksum: sha1:2fd91fd107b77cbdc569db60e4c973e793083dc9
    pristine_git_object: 29c742f1c675710b6f2e2774dc7d3929b92cf951
  src/lib/primitives.ts:
    id: 74859f750b28
    last_write_checksum: sha1:987869fc54790b9c22e9182099103d6aa7c67016
    pristine_git_object: d21f1dc49affa4e6d324bdd60811b470fdfa7eb6
  src/lib/retries.ts:
    id: b24a69d15639
    last_write_checksum: sha1:f3da74dffcbe2756c69393f8600205aa1dc06e68
    pristine_git_object: e3ce9aba72150fc3c18f3105d39b21aba809377b
  src/lib/schemas.ts:
    id: deb4b531fae1
    last_write_checksum: sha1:b4b5fd22340ebd5b2914ee7b177c797b28fba7ef
    pristine_git_object: cf280491bf54dbd4d78e5c071c3b85cf5ca9e35e
  src/lib/sdks.ts:
    id: 8a6d91f1218d
    last_write_checksum: sha1:71fd958d019dbfc5aaa9880aa82e39702f95c444
    pristine_git_object: 13781e8f9aa24e3dc3abd1309feb2f495a563c7b
  src/lib/security.ts:
    id: 0502afa7922e
    last_write_checksum: sha1:7215f0ac17e44f538d1176e92371abb50d412e9c
    pristine_git_object: 2383c05caf03218068542063fb1a2ba5a383c614
  src/lib/url.ts:
    id: b0057e24ed76
    last_write_checksum: sha1:d124050c7e755c0cce233b9e029afb584ff65201
    pristine_git_object: f3a8de6c021de59c991707946cd294596cae954d
  src/models/client-credentials-request.ts:
    id: bb0ebb5b6fbc
    last_write_checksum: sha1:eb5d4f51cc962cb5fc2bd0ede1159bf6306fdac7
    pristine_git_object: ade9f6cc51fd15baad1993bfefd8411eaf4e5b08
  src/models/error-response.ts:
    id: 0a1828112515
    last_write_checksum: sha1:fe404d79b0d2b37881e894619c8b446b68715d73
    pristine_git_object: d384f8998565f7948bce6e961f9d53c2acd14985
  src/models/errors/error-response.ts:
    id: 6459edd35024
    last_write_checksum: sha1:4f055ffb3f939463f724ebd5c28466ee61cefb41
    pristine_git_object: b0a9fadc2fd9c09924aa4ae7b0d73cd2f848c50e
  src/models/errors/http-client-errors.ts:
    id: 08390231aab8
    last_write_checksum: sha1:994ced121c54fecd0af038ccfb7855fbfd3868ec
    pristine_git_object: b34f612124c797c2a1106b9735708f679a90b74f
  src/models/errors/index.ts:
    id: c4e22507cb83
    last_write_checksum: sha1:db84231a3cf275191e736daae78884278d88a02f
    pristine_git_object: 050244ae8fac063dc1c92743215c79485a79cd21
  src/models/errors/o-auth2-error-response.ts:
    id: 4e2ed718f8b1
    last_write_checksum: sha1:6de7b74204b878e67234dcb5b661f7619d4ff2fb
    pristine_git_object: a0e9003d2d6c25c8bbee06b67929c64760dd39d6
  src/models/errors/response-validation-error.ts:
    id: a6ce701a9571
    last_write_checksum: sha1:c49315a4fb74937fcaf57a6884e5d689bd820980
    pristine_git_object: 6dce5e64c1415bf74ed3712543e9f06c58e70c55
  src/models/errors/sdk-default-error.ts:
    id: fec60946951b
    last_write_checksum: sha1:8cd1fb6f041b4de96b40b91d74e57a55febd87ae
    pristine_git_object: 8312be82bff61c04b55afc51fa8c926f9184bb39
  src/models/errors/sdk-error.ts:
    id: 2c53a8a2befb
    last_write_checksum: sha1:8699ba62e2be76f2bc78c2822a547a6456e38b74
    pristine_git_object: efcdf908437379b4143b6b2233bfba53800e2450
  src/models/errors/sdk-validation-error.ts:
    id: 9b17e7ef247f
    last_write_checksum: sha1:92771987c251f02fd86cfd824a3be709cd3c2837
    pristine_git_object: db00022e05d55600252f401eb0e6ab46278e0b07
  src/models/exchange-request.ts:
    id: bb1c22c6b47a
    last_write_checksum: sha1:17ceccbdc26f00a0d185d5df17c43928076ee8f1
    pristine_git_object: b8c80f50849680890047fb2bee797d4878dc20b8
  src/models/health-response.ts:
    id: b46db3da75f9
    last_write_checksum: sha1:148f205032806b630cd3e5273e694785a8e33d59
    pristine_git_object: 41dbd80834bc4f2136c2d4ff7111f2bdd9961be0
  src/models/index.ts:
    id: f93644b0f37e
    last_write_checksum: sha1:eb58e07c80ffd0ba5ebab2b79142fdeef1bac7e9
    pristine_git_object: b348a4cf97b93c345d02bb22b7df09f55660d2ea
  src/models/jwk-set.ts:
    id: 7008e185f54d
    last_write_checksum: sha1:1ff1370ae8e26f11860658cfad62fb20e5758d89
    pristine_git_object: cb61aef52df92f9c7dc453eae7c9caa73b46cee5
  src/models/operations/index.ts:
    id: 0d9ffaf774d2
    last_write_checksum: sha1:d60af853f4f452f31eaf4fac8463772e68e54062
    pristine_git_object: e200b1b9480f49ad71475bdb2f6a5b0d46be79f4
  src/models/operations/issue-user-token.ts:
    id: 9600eb77bba4
    last_write_checksum: sha1:140cdb8d0382e0cc2aa5f463c495697355cc5aaf
    pristine_git_object: 882daa03f9c7b5f4ab35ab2a772a4f12f2a8ab2d
  src/models/refresh-request.ts:
    id: b2d9e4339514
    last_write_checksum: sha1:05949354074d40cbcdcbead68ff5dbce6537cc34
    pristine_git_object: d6db75a4abff9180b9745637746b660cbc203c07
  src/models/scheme-basic-auth.ts:
    id: 653c3980ffcf
    last_write_checksum: sha1:fcc8ca8a01a5d5c183cdf93df0e8d6398ca0738a
    pristine_git_object: abbaf7af7e8d4ff1e1e4977b2acd34b728d1c839
  src/models/security.ts:
    id: d90c6c784ca5
    last_write_checksum: sha1:6c4a5e24407a47690dd025f130693bb2354fea11
    pristine_git_object: 40d121d43969420e156c15c1e7b1fb774d1b6b17
  src/models/session-token-data.ts:
    id: e23916431b3e
    last_write_checksum: sha1:18e035aeea0e12856ebbea2051c12813bac7bea1
    pristine_git_object: 02cd8502ebc28a9658b9ec6b8b93630cc869a2ed
  src/models/token-data.ts:
    id: a34a49bc5f1b
    last_write_checksum: sha1:f154b0830a37f91195c3b28ae7e8dd8aa6370c4b
    pristine_git_object: ca9ccec5996502b09b9cb488699e4cb2b4954d0f
  src/models/user-token-data.ts:
    id: 42427733924b
    last_write_checksum: sha1:c4185064050082324336e9029e76af3887e853e7
    pristine_git_object: 59af6001fbe7b09cfd434aaf813c80e825565f4b
  src/models/user-token-request.ts:
    id: 5443ab3ec76e
    last_write_checksum: sha1:c3fceea0c929a2cea7a2c9f9be1d96df729dae6a
    pristine_git_object: da1aa32e289df74400e48943b95b912dce67f03e
  src/sdk/index.ts:
    id: a857902a703f
    last_write_checksum: sha1:ed6d64f2a6135349aa8498b8d8cff9ba85c7fb8f
    pristine_git_object: ecac2264817bb369ff2dbf0f0e9029807e67ff77
  src/sdk/metadata.ts:
    id: 573ccbe5f5ad
    last_write_checksum: sha1:9df0d9098a6f238148cffbb96c61b5a2f982e798
    pristine_git_object: 6dc6f7673b5fddabcad200a6ec19dacc545483bf
  src/sdk/sdk.ts:
    id: 784571af2f69
    last_write_checksum: sha1:ada11f8ab5f2a0102641c7811b5ffba3e383ed72
    pristine_git_object: 6bff2f3e1bd762f11b7e0847b802c2dfcbb9f47c
  src/sdk/session.ts:
    id: 146a5916151d
    last_write_checksum: sha1:f953b4f8a8abc5b19d55bf887de98c2442c3848e
    pristine_git_object: 629b01539e63e01baa9b2ee14782e68e03c91769
  src/sdk/tokens.ts:
    id: f233e5cd99ad
    last_write_checksum: sha1:4b38dbae6164fde8b7394db4255247987cd6875d
    pristine_git_object: a8def81e756864fe9aeabb409e7f293117c33368
  src/types/async.ts:
    id: fac8da972f86
    last_write_checksum: sha1:3ff07b3feaf390ec1aeb18ff938e139c6c4a9585
    pristine_git_object: 689dba5de50e8769e5f3bb913e3f42a146d15bc1
  src/types/blobs.ts:
    id: f8ab9b326c86
    last_write_checksum: sha1:fd681458b532138913c372b05b3e16407abaa7a1
    pristine_git_object: 3deb988d444f7d202eda723492d7c1d76c5c208d
  src/types/const-date-time.ts:
    id: b3487d7170f2
    last_write_checksum: sha1:ce05316b31b373401875d5e962d63d2422e09cf2
    pristine_git_object: 586ee46aa2273cdf680bb542b4ef5dd953a48a08
  src/types/default-to-zero-value.ts:
    id: 6e0f763ae8c8
    last_write_checksum: sha1:2820c0bc8e71d475e79cc6b6947ca18d93f6310c
    pristine_git_object: c4cad53db08687649a55c711c4f4b3a29f7b7d24
  src/types/enums.ts:
    id: 4d03ddfe5100
    last_write_checksum: sha1:d7d0ffad0c128a11c5feb1f0ae8f3b507ee03c14
    pristine_git_object: a523bdde4b5b8144cf26414e32fc2319f2c466fa
  src/types/fp.ts:
    id: ae9f0fb8aab6
    last_write_checksum: sha1:d24994d58f37a1ca106847fcc6d2e976c6f1c093
    pristine_git_object: ccbe51eac69dfb0da5131f14fd753c4b47c1d527
  src/types/index.ts:
    id: cd7a0a5ed005
    last_write_checksum: sha1:a591fec0ad2231615101ebb6a95cc4d043733a6c
    pristine_git_object: d75cb43bf5811991f96203650c264af2b4c78b41
  src/types/operations.ts:
    id: 314da01dca47
    last_write_checksum: sha1:c49e724cfb1259296381cb57bc0fcdd2eae45865
    pristine_git_object: beb81e10f0b9eee2ed398a853fe6f737b743f818
  src/types/primitives.ts:
    id: 0cd7f4ac625d
    last_write_checksum: sha1:7bdf6c790bdbcb8e369088557c42878f5270a701
    pristine_git_object: 6180991492b8b6afccb3bb808010d4a15823168f
  src/types/rfcdate.ts:
    id: 9eb64906dcd6
    last_write_checksum: sha1:8e5f382e02fe21c2f2e24deb1b7bbf8cddd3dd16
    pristine_git_object: c79b3f53a3dd922aa2ace5a4191c8652cf9a8e89
  src/types/smart-union.ts:
    id: 2e3af2ad4ea7
    last_write_checksum: sha1:9928dbec2d8ad501da8518c10ec6df3b441eb5c9
    pristine_git_object: a9db55cfc1d1cbdcc480dfa5eeead3ee526d6953
  src/types/streams.ts:
    id: f99be9c4bf14
    last_write_checksum: sha1:cc9ced2dd34a76c3a1bd7784ccda1cc3b37ab9a9
    pristine_git_object: a0163e7a99cea88f21d0ad4ce3af1c720180ee20
  src/types/unrecognized.ts:
    id: 476605c40716
    last_write_checksum: sha1:d33ac686528492f4cdc0dbf81ed343b4afe020fe
    pristine_git_object: b7a2a13f3dff50663429df24ae2f55b647ff1084
  tsconfig.json:
    id: 61ebb9fd6e8c
    last_write_checksum: sha1:4f9c4daf3281a9be06591b2814e5bbcf98b5c803
    pristine_git_object: e6cd950ad724815ee1ed48ef2e52389cbd3a9143
examples:
  healthCheck:
    speakeasy-default-health-check:
      responses:
        "200":
          application/json: {"status": "UP"}
        "503":
          application/json: {"ok": false, "error": {"code": "<value>", "message": "<value>"}}
  getJWKS:
    speakeasy-default-get-JWKS:
      responses:
        "200":
          application/json: {"keys": []}
        "503":
          application/json: {"ok": false, "error": {"code": "<value>", "message": "<value>"}}
  issueM2MToken:
    speakeasy-default-issue-m2-M-token:
      requestBody:
        application/x-www-form-urlencoded: {"grant_type": "client_credentials", "client_id": "fld-cred-acme-corp--api--postman-primary", "client_secret": "dGhpcyBpcyBhIHNlY3JldA", "scope": "fluid:api"}
      responses:
        "200":
          application/json: {"access_token": "<value>", "token_type": "Bearer", "expires_in": 3600, "scope": "fluid:api"}
        "400":
          application/json: {"error": "invalid_client", "error_description": "invalid client credentials"}
        "502":
          application/json: {"error": "invalid_client", "error_description": "invalid client credentials"}
    invalid_scope:
      requestBody:
        application/x-www-form-urlencoded: {"grant_type": "client_credentials", "client_id": "fld-cred-acme-corp--api--postman-primary", "client_secret": "dGhpcyBpcyBhIHNlY3JldA", "scope": "fluid:api"}
      responses:
        "400":
          application/json: {"error": "invalid_scope", "error_description": "scope \"admin\" is not allowed"}
        "502":
          application/json: {"error": "invalid_scope", "error_description": "scope \"admin\" is not allowed"}
    unsupported_grant_type:
      requestBody:
        application/x-www-form-urlencoded: {"grant_type": "client_credentials", "client_id": "fld-cred-acme-corp--api--postman-primary", "client_secret": "dGhpcyBpcyBhIHNlY3JldA", "scope": "fluid:api"}
      responses:
        "400":
          application/json: {"error": "unsupported_grant_type", "error_description": "supported grant type: client_credentials"}
        "502":
          application/json: {"error": "unsupported_grant_type", "error_description": "supported grant type: client_credentials"}
    invalid_request:
      requestBody:
        application/x-www-form-urlencoded: {"grant_type": "client_credentials", "client_id": "fld-cred-acme-corp--api--postman-primary", "client_secret": "dGhpcyBpcyBhIHNlY3JldA", "scope": "fluid:api"}
      responses:
        "400":
          application/json: {"error": "invalid_request", "error_description": "client_id and client_secret are required"}
        "502":
          application/json: {"error": "invalid_request", "error_description": "client_id and client_secret are required"}
  issueFluidTokenLegacy:
    speakeasy-default-issue-fluid-token-legacy:
      requestBody:
        application/x-www-form-urlencoded: {"grant_type": "client_credentials", "client_id": "fld-cred-acme-corp--api--postman-primary", "client_secret": "dGhpcyBpcyBhIHNlY3JldA", "scope": "fluid:api"}
      responses:
        "200":
          application/json: {"access_token": "<value>", "token_type": "Bearer", "expires_in": 3600, "scope": "fluid:api"}
        "400":
          application/json: {"error": "invalid_client", "error_description": "invalid client credentials"}
        "502":
          application/json: {"error": "invalid_client", "error_description": "invalid client credentials"}
    invalid_scope:
      requestBody:
        application/x-www-form-urlencoded: {"grant_type": "client_credentials", "client_id": "fld-cred-acme-corp--api--postman-primary", "client_secret": "dGhpcyBpcyBhIHNlY3JldA", "scope": "fluid:api"}
      responses:
        "400":
          application/json: {"error": "invalid_scope", "error_description": "scope \"admin\" is not allowed"}
        "502":
          application/json: {"error": "invalid_scope", "error_description": "scope \"admin\" is not allowed"}
    unsupported_grant_type:
      requestBody:
        application/x-www-form-urlencoded: {"grant_type": "client_credentials", "client_id": "fld-cred-acme-corp--api--postman-primary", "client_secret": "dGhpcyBpcyBhIHNlY3JldA", "scope": "fluid:api"}
      responses:
        "400":
          application/json: {"error": "unsupported_grant_type", "error_description": "supported grant type: client_credentials"}
        "502":
          application/json: {"error": "unsupported_grant_type", "error_description": "supported grant type: client_credentials"}
    invalid_request:
      requestBody:
        application/x-www-form-urlencoded: {"grant_type": "client_credentials", "client_id": "fld-cred-acme-corp--api--postman-primary", "client_secret": "dGhpcyBpcyBhIHNlY3JldA", "scope": "fluid:api"}
      responses:
        "400":
          application/json: {"error": "invalid_request", "error_description": "client_id and client_secret are required"}
        "502":
          application/json: {"error": "invalid_request", "error_description": "client_id and client_secret are required"}
  issueUserToken:
    speakeasy-default-issue-user-token:
      requestBody:
        application/json: {"external_id": "user-123", "customer_external_id": "loja-a", "email": "alice@acme.com", "given_name": "Alice", "family_name": "Smith", "expires_in": 300}
      responses:
        "200":
          application/json: {"access_token": "<value>", "token_type": "Bearer", "expires_in": 300}
        "400":
          application/json: {"error": "invalid_client", "error_description": "invalid client credentials"}
        "502":
          application/json: {"error": "invalid_client", "error_description": "invalid client credentials"}
    invalid_body:
      requestBody:
        application/json: {"external_id": "user-123", "customer_external_id": "loja-a", "email": "alice@acme.com", "given_name": "Alice", "family_name": "Smith", "expires_in": 300}
      responses:
        "400":
          application/json: {"error": "invalid_request", "error_description": "invalid JSON body: ..."}
        "502":
          application/json: {"error": "invalid_request", "error_description": "invalid JSON body: ..."}
    external_id_required:
      requestBody:
        application/json: {"external_id": "user-123", "customer_external_id": "loja-a", "email": "alice@acme.com", "given_name": "Alice", "family_name": "Smith", "expires_in": 300}
      responses:
        "400":
          application/json: {"error": "invalid_request", "error_description": "external_id is required"}
        "502":
          application/json: {"error": "invalid_request", "error_description": "external_id is required"}
    email_required:
      requestBody:
        application/json: {"external_id": "user-123", "customer_external_id": "loja-a", "email": "alice@acme.com", "given_name": "Alice", "family_name": "Smith", "expires_in": 300}
      responses:
        "400":
          application/json: {"error": "invalid_request", "error_description": "email is required for first access provisioning"}
        "502":
          application/json: {"error": "invalid_request", "error_description": "email is required for first access provisioning"}
  exchangeBootstrapToken:
    speakeasy-default-exchange-bootstrap-token:
      requestBody:
        application/json: {"token": "eyJhbGciOiJSUzI1NiIsImtpZCI6Ik9UO..."}
      responses:
        "200":
          application/json: {"access_token": "<value>", "token_type": "bearer", "expires_in": 3600}
        "400":
          application/json: {"error": "invalid_client", "error_description": "invalid client credentials"}
        "502":
          application/json: {"error": "invalid_client", "error_description": "invalid client credentials"}
  refreshUserSession:
    speakeasy-default-refresh-user-session:
      requestBody:
        application/json: {"refresh_token": "ory_rt_..."}
      responses:
        "200":
          application/json: {"access_token": "<value>", "token_type": "bearer", "expires_in": 3600}
        "400":
          application/json: {"error": "invalid_client", "error_description": "invalid client credentials"}
        "502":
          application/json: {"error": "invalid_client", "error_description": "invalid client credentials"}
    invalid_body:
      requestBody:
        application/json: {"refresh_token": "ory_rt_..."}
      responses:
        "400":
          application/json: {"error": "invalid_request", "error_description": "invalid JSON body: ..."}
        "502":
          application/json: {"error": "invalid_request", "error_description": "invalid JSON body: ..."}
    invalid_grant:
      requestBody:
        application/json: {"refresh_token": "ory_rt_..."}
      responses:
        "400":
          application/json: {"error": "invalid_grant", "error_description": "refresh token is expired or revoked"}
        "502":
          application/json: {"error": "invalid_grant", "error_description": "refresh token is expired or revoked"}
examplesVersion: 1.0.2
