speakeasyVersion: 1.758.0
sources:
    auth:
        sourceNamespace: auth
        sourceRevisionDigest: sha256:2c844654b2fa9a732bca91bf5ae7c6814a70c22b11fe4f4acc98bc3bcd751b72
        sourceBlobDigest: sha256:311dff8e1c47a02e48fcf40e11b9451df16c66ce5d6ea8e4a5ea469e30fc76e5
        tags:
            - latest
            - 1.0.0
targets:
    fluidapi:
        source: auth
        sourceNamespace: auth
        sourceRevisionDigest: sha256:2c844654b2fa9a732bca91bf5ae7c6814a70c22b11fe4f4acc98bc3bcd751b72
        sourceBlobDigest: sha256:311dff8e1c47a02e48fcf40e11b9451df16c66ce5d6ea8e4a5ea469e30fc76e5
workflow:
    workflowVersion: 1.0.0
    speakeasyVersion: latest
    sources:
        auth:
            inputs:
                - location: ./public.yaml
            overlays:
                - location: .speakeasy/speakeasy-modifications-overlay.yaml
            registry:
                location: registry.speakeasyapi.dev/fluid/iam-sjd/auth
        combined:
            inputs:
                - location: ./public.yaml
                - location: ./mock.yaml
                - location: combined.yaml
            output: out-combined
        mock:
            inputs:
                - location: ./mock.yaml
            overlays:
                - location: public.yaml
            output: combined.yaml
    targets:
        fluidapi:
            target: typescript
            source: auth
            publish:
                npm:
                    token: $npm_token
